
Microsoft Visual Studio Solution File, Format Version 12.00
# Visual Studio Version 17
VisualStudioVersion = 17.3.32825.248
MinimumVisualStudioVersion = 10.0.40219.1
Project("{FAE04EC0-301F-11D3-BF4B-00C04F79EFBC}") = "anInteractiveGuide", "anInteractiveGuide\anInteractiveGuide.csproj", "{E42E0FAD-7812-4C0D-B086-4AC2E400DF0E}"
EndProject
Global
	GlobalSection(SolutionConfigurationPlatforms) = preSolution
		Debug|Any CPU = Debug|Any CPU
		Release|Any CPU = Release|Any CPU
	EndGlobalSection
	GlobalSection(ProjectConfigurationPlatforms) = postSolution
		{E42E0FAD-7812-4C0D-B086-4AC2E400DF0E}.Debug|Any CPU.ActiveCfg = Debug|Any CPU
		{E42E0FAD-7812-4C0D-B086-4AC2E400DF0E}.Debug|Any CPU.Build.0 = Debug|Any CPU
		{E42E0FAD-7812-4C0D-B086-4AC2E400DF0E}.Release|Any CPU.ActiveCfg = Release|Any CPU
		{E42E0FAD-7812-4C0D-B086-4AC2E400DF0E}.Release|Any CPU.Build.0 = Release|Any CPU
	EndGlobalSection
	GlobalSection(SolutionProperties) = preSolution
		HideSolutionNode = FALSE
	EndGlobalSection
	GlobalSection(ExtensibilityGlobals) = postSolution
		SolutionGuid = {1559BFB4-E82B-42A6-8E8C-FA5616D533D4}
	EndGlobalSection
EndGlobal
